{
  "version": 4,
  "terraform_version": "1.9.5",
  "serial": 31,
  "lineage": "3c7d9a51-2e84-4f06-9b7d-a41c58e02f19",
  "outputs": {},
  "resources": [
    {
      "mode": "managed",
      "type": "google_compute_firewall",
      "name": "allow_internal_https",
      "provider": "provider[\"registry.terraform.io/hashicorp/google\"]",
      "instances": [
        {
          "schema_version": 1,
          "attributes": {
            "allow": [{"ports": ["443"], "protocol": "tcp"}],
            "destination_ranges": ["10.0.0.0/8"],
            "direction": "INGRESS",
            "disabled": false,
            "id": "projects/acme-prod/global/firewalls/allow-internal-https",
            "name": "allow-internal-https",
            "network": "projects/acme-prod/global/networks/prod-vpc",
            "priority": 1000,
            "project": "acme-prod",
            "source_ranges": ["10.0.0.0/8"],
            "source_service_accounts": [],
            "source_tags": [],
            "target_service_accounts": [],
            "target_tags": []
          },
          "sensitive_attributes": []
        }
      ]
    },
    {
      "mode": "managed",
      "type": "google_compute_firewall",
      "name": "egress_internal",
      "provider": "provider[\"registry.terraform.io/hashicorp/google\"]",
      "instances": [
        {
          "schema_version": 1,
          "attributes": {
            "allow": [{"ports": ["443"], "protocol": "tcp"}],
            "destination_ranges": ["10.0.0.0/8"],
            "direction": "EGRESS",
            "disabled": false,
            "id": "projects/acme-prod/global/firewalls/allow-egress-internal",
            "name": "allow-egress-internal",
            "network": "projects/acme-prod/global/networks/prod-vpc",
            "priority": 1000,
            "project": "acme-prod",
            "source_ranges": [],
            "source_service_accounts": [],
            "source_tags": [],
            "target_service_accounts": [],
            "target_tags": []
          },
          "sensitive_attributes": []
        }
      ]
    },
    {
      "mode": "managed",
      "type": "google_compute_firewall",
      "name": "egress_deny_world",
      "provider": "provider[\"registry.terraform.io/hashicorp/google\"]",
      "instances": [
        {
          "schema_version": 1,
          "attributes": {
            "deny": [{"ports": [], "protocol": "all"}],
            "destination_ranges": ["0.0.0.0/0"],
            "direction": "EGRESS",
            "disabled": false,
            "id": "projects/acme-prod/global/firewalls/deny-egress-world",
            "name": "deny-egress-world",
            "network": "projects/acme-prod/global/networks/prod-vpc",
            "priority": 65534,
            "project": "acme-prod",
            "source_ranges": [],
            "source_service_accounts": [],
            "source_tags": [],
            "target_service_accounts": [],
            "target_tags": []
          },
          "sensitive_attributes": []
        }
      ]
    },
    {
      "mode": "managed",
      "type": "google_compute_network",
      "name": "prod_vpc",
      "provider": "provider[\"registry.terraform.io/hashicorp/google\"]",
      "instances": [
        {
          "schema_version": 0,
          "attributes": {
            "auto_create_subnetworks": false,
            "id": "projects/acme-prod/global/networks/prod-vpc",
            "name": "prod-vpc",
            "project": "acme-prod"
          },
          "sensitive_attributes": []
        }
      ]
    },
    {
      "mode": "managed",
      "type": "google_org_policy_policy",
      "name": "neg_no_internet",
      "provider": "provider[\"registry.terraform.io/hashicorp/google\"]",
      "instances": [
        {
          "schema_version": 0,
          "attributes": {
            "id": "organizations/123456789012/policies/compute.disableInternetNetworkEndpointGroups",
            "name": "organizations/123456789012/policies/compute.disableInternetNetworkEndpointGroups",
            "parent": "organizations/123456789012",
            "spec": [
              {
                "inherit_from_parent": false,
                "reset": false,
                "rules": [
                  {
                    "allow_all": null,
                    "condition": [],
                    "deny_all": null,
                    "enforce": "TRUE",
                    "values": []
                  }
                ]
              }
            ]
          },
          "sensitive_attributes": []
        }
      ]
    },
    {
      "mode": "managed",
      "type": "google_org_policy_policy",
      "name": "run_ingress_internal",
      "provider": "provider[\"registry.terraform.io/hashicorp/google\"]",
      "instances": [
        {
          "schema_version": 0,
          "attributes": {
            "id": "organizations/123456789012/policies/run.allowedIngress",
            "name": "organizations/123456789012/policies/run.allowedIngress",
            "parent": "organizations/123456789012",
            "spec": [
              {
                "inherit_from_parent": false,
                "reset": false,
                "rules": [
                  {
                    "allow_all": null,
                    "condition": [],
                    "deny_all": null,
                    "enforce": null,
                    "values": [
                      {
                        "allowed_values": [
                          "internal",
                          "internal-and-cloud-load-balancing"
                        ],
                        "denied_values": []
                      }
                    ]
                  }
                ]
              }
            ]
          },
          "sensitive_attributes": []
        }
      ]
    },
    {
      "mode": "managed",
      "type": "google_org_policy_policy",
      "name": "security_contacts",
      "provider": "provider[\"registry.terraform.io/hashicorp/google\"]",
      "instances": [
        {
          "schema_version": 0,
          "attributes": {
            "id": "organizations/123456789012/policies/essentialcontacts.allowedContactDomains",
            "name": "organizations/123456789012/policies/essentialcontacts.allowedContactDomains",
            "parent": "organizations/123456789012",
            "spec": [
              {
                "inherit_from_parent": false,
                "reset": false,
                "rules": [
                  {
                    "allow_all": null,
                    "condition": [],
                    "deny_all": null,
                    "enforce": null,
                    "values": [
                      {
                        "allowed_values": ["@acme.example"],
                        "denied_values": []
                      }
                    ]
                  }
                ]
              }
            ]
          },
          "sensitive_attributes": []
        }
      ]
    },
    {
      "mode": "managed",
      "type": "google_org_policy_policy",
      "name": "serial_port_disabled",
      "provider": "provider[\"registry.terraform.io/hashicorp/google\"]",
      "instances": [
        {
          "schema_version": 0,
          "attributes": {
            "id": "organizations/123456789012/policies/compute.disableSerialPortAccess",
            "name": "organizations/123456789012/policies/compute.disableSerialPortAccess",
            "parent": "organizations/123456789012",
            "spec": [
              {
                "inherit_from_parent": false,
                "reset": false,
                "rules": [
                  {
                    "allow_all": null,
                    "condition": [],
                    "deny_all": null,
                    "enforce": "TRUE",
                    "values": []
                  }
                ]
              }
            ]
          },
          "sensitive_attributes": []
        }
      ]
    },
    {
      "mode": "managed",
      "type": "google_org_policy_policy",
      "name": "storage_no_public",
      "provider": "provider[\"registry.terraform.io/hashicorp/google\"]",
      "instances": [
        {
          "schema_version": 0,
          "attributes": {
            "id": "projects/acme-prod/policies/storage.publicAccessPrevention",
            "name": "projects/acme-prod/policies/storage.publicAccessPrevention",
            "parent": "projects/acme-prod",
            "spec": [
              {
                "inherit_from_parent": false,
                "reset": false,
                "rules": [
                  {
                    "allow_all": null,
                    "condition": [],
                    "deny_all": null,
                    "enforce": "TRUE",
                    "values": []
                  }
                ]
              }
            ]
          },
          "sensitive_attributes": []
        }
      ]
    },
    {
      "mode": "managed",
      "type": "google_org_policy_policy",
      "name": "vm_no_external_ip",
      "provider": "provider[\"registry.terraform.io/hashicorp/google\"]",
      "instances": [
        {
          "schema_version": 0,
          "attributes": {
            "id": "organizations/123456789012/policies/compute.vmExternalIpAccess",
            "name": "organizations/123456789012/policies/compute.vmExternalIpAccess",
            "parent": "organizations/123456789012",
            "spec": [
              {
                "inherit_from_parent": false,
                "reset": false,
                "rules": [
                  {
                    "allow_all": null,
                    "condition": [],
                    "deny_all": null,
                    "enforce": null,
                    "values": [
                      {
                        "allowed_values": [],
                        "denied_values": []
                      }
                    ]
                  }
                ]
              }
            ]
          },
          "sensitive_attributes": []
        }
      ]
    },
    {
      "mode": "managed",
      "type": "google_org_policy_policy",
      "name": "vpc_peering_internal",
      "provider": "provider[\"registry.terraform.io/hashicorp/google\"]",
      "instances": [
        {
          "schema_version": 0,
          "attributes": {
            "id": "organizations/123456789012/policies/compute.restrictVpcPeering",
            "name": "organizations/123456789012/policies/compute.restrictVpcPeering",
            "parent": "organizations/123456789012",
            "spec": [
              {
                "inherit_from_parent": false,
                "reset": false,
                "rules": [
                  {
                    "allow_all": null,
                    "condition": [],
                    "deny_all": null,
                    "enforce": null,
                    "values": [
                      {
                        "allowed_values": ["under:organizations/123456789012"],
                        "denied_values": []
                      }
                    ]
                  }
                ]
              }
            ]
          },
          "sensitive_attributes": []
        }
      ]
    },
    {
      "mode": "managed",
      "type": "google_project_iam_binding",
      "name": "auditors",
      "provider": "provider[\"registry.terraform.io/hashicorp/google\"]",
      "instances": [
        {
          "schema_version": 0,
          "attributes": {
            "condition": [],
            "etag": "BwYd1kQzT2o=",
            "id": "acme-prod/roles/logging.viewer",
            "members": ["group:security@acme.example"],
            "project": "acme-prod",
            "role": "roles/logging.viewer"
          },
          "sensitive_attributes": []
        }
      ]
    },
    {
      "mode": "managed",
      "type": "google_project_iam_binding",
      "name": "ci_builds",
      "provider": "provider[\"registry.terraform.io/hashicorp/google\"]",
      "instances": [
        {
          "schema_version": 0,
          "attributes": {
            "condition": [],
            "etag": "BwYd1kQzT2o=",
            "id": "acme-prod/roles/cloudbuild.builds.editor",
            "members": ["serviceAccount:ci-deployer@acme-prod.iam.gserviceaccount.com"],
            "project": "acme-prod",
            "role": "roles/cloudbuild.builds.editor"
          },
          "sensitive_attributes": []
        }
      ]
    }
  ]
}
