{
 "version": 4,
 "terraform_version": "1.9.5",
 "serial": 13,
 "lineage": "9f1c4e0a-7b52-4d6e-8a31-c05e2f7a9b44",
 "outputs": {},
 "resources": [
  {
   "mode": "managed",
   "type": "google_compute_firewall",
   "name": "allow_rdp_broad",
   "provider": "provider[\"registry.terraform.io/hashicorp/google\"]",
   "instances": [
    {
     "schema_version": 1,
     "attributes": {
      "destination_ranges": [],
      "direction": "INGRESS",
      "disabled": false,
      "id": "projects/acme-prod/global/firewalls/allow-rdp-broad",
      "name": "allow-rdp-broad",
      "network": "projects/acme-prod/global/networks/prod-vpc",
      "priority": 1000,
      "project": "acme-prod",
      "source_ranges": [
       "0.0.0.0/0"
      ],
      "source_service_accounts": [],
      "source_tags": [],
      "target_service_accounts": [],
      "allow": [
       {
        "ports": [
         "3389"
        ],
        "protocol": "tcp"
       }
      ]
     },
     "sensitive_attributes": []
    }
   ]
  }
 ]
}
