{
  "version": 4,
  "terraform_version": "1.9.5",
  "serial": 7,
  "lineage": "3c8d1f6b-2a94-4e07-b5c2-8f0a6d34e912",
  "outputs": {},
  "resources": [
    {
      "mode": "managed",
      "type": "google_project_iam_binding",
      "name": "analysts",
      "provider": "provider[\"registry.terraform.io/hashicorp/google\"]",
      "instances": [
        {
          "schema_version": 0,
          "attributes": {
            "condition": [],
            "etag": "BwYcQ0hSbW8=",
            "id": "acme-prod/roles/bigquery.dataViewer",
            "members": ["group:data-eng@acme.example"],
            "project": "acme-prod",
            "role": "roles/bigquery.dataViewer"
          },
          "sensitive_attributes": []
        }
      ]
    }
  ]
}
