{
  "version": 4,
  "terraform_version": "1.9.5",
  "serial": 12,
  "lineage": "9f1c4e0a-7b52-4d6e-8a31-c05e2f7a9b44",
  "outputs": {},
  "resources": [
    {
      "mode": "managed",
      "type": "google_compute_firewall",
      "name": "allow_ssh",
      "provider": "provider[\"registry.terraform.io/hashicorp/google\"]",
      "instances": [
        {
          "schema_version": 1,
          "attributes": {
            "allow": [{"ports": ["22"], "protocol": "tcp"}],
            "destination_ranges": [],
            "direction": "INGRESS",
            "disabled": false,
            "id": "projects/acme-prod/global/firewalls/allow-internal-ssh",
            "name": "allow-internal-ssh",
            "network": "projects/acme-prod/global/networks/prod-vpc",
            "priority": 1000,
            "project": "acme-prod",
            "source_ranges": ["10.0.0.0/8"],
            "source_service_accounts": [],
            "source_tags": [],
            "target_service_accounts": [],
            "target_tags": ["bastion"]
          },
          "sensitive_attributes": []
        }
      ]
    },
    {
      "mode": "managed",
      "type": "google_compute_security_policy",
      "name": "edge_waf",
      "provider": "provider[\"registry.terraform.io/hashicorp/google\"]",
      "instances": [
        {
          "schema_version": 0,
          "attributes": {
            "id": "projects/acme-prod/global/securityPolicies/acme-edge-waf",
            "name": "acme-edge-waf",
            "project": "acme-prod",
            "rule": [
              {
                "action": "deny(403)",
                "match": [
                  {
                    "config": [{"src_ip_ranges": ["0.0.0.0/0"]}],
                    "expr": [],
                    "versioned_expr": "SRC_IPS_V1"
                  }
                ],
                "preview": false,
                "priority": 1000
              },
              {
                "action": "deny(403)",
                "match": [
                  {
                    "config": [{"src_ip_ranges": ["*"]}],
                    "expr": [],
                    "versioned_expr": "SRC_IPS_V1"
                  }
                ],
                "preview": false,
                "priority": 2147483647
              }
            ],
            "type": "CLOUD_ARMOR"
          },
          "sensitive_attributes": []
        }
      ]
    },
    {
      "mode": "managed",
      "type": "google_org_policy_policy",
      "name": "no_sa_keys",
      "provider": "provider[\"registry.terraform.io/hashicorp/google\"]",
      "instances": [
        {
          "schema_version": 0,
          "attributes": {
            "id": "projects/acme-prod/policies/iam.disableServiceAccountKeyCreation",
            "name": "projects/acme-prod/policies/iam.disableServiceAccountKeyCreation",
            "parent": "projects/acme-prod",
            "spec": [
              {
                "inherit_from_parent": false,
                "reset": false,
                "rules": [
                  {
                    "allow_all": null,
                    "condition": [],
                    "deny_all": null,
                    "enforce": "TRUE",
                    "values": []
                  }
                ]
              }
            ]
          },
          "sensitive_attributes": []
        }
      ]
    },
    {
      "mode": "managed",
      "type": "google_access_context_manager_service_perimeter",
      "name": "acme_prod",
      "provider": "provider[\"registry.terraform.io/hashicorp/google\"]",
      "instances": [
        {
          "schema_version": 0,
          "attributes": {
            "id": "accessPolicies/987654321/servicePerimeters/acme_prod",
            "name": "accessPolicies/987654321/servicePerimeters/acme_prod",
            "parent": "accessPolicies/987654321",
            "perimeter_type": "PERIMETER_TYPE_REGULAR",
            "spec": [],
            "status": [
              {
                "access_levels": ["accessPolicies/987654321/accessLevels/trusted_corp"],
                "egress_policies": [],
                "ingress_policies": [],
                "resources": ["projects/111111111111"],
                "restricted_services": ["storage.googleapis.com", "bigquery.googleapis.com"]
              }
            ],
            "title": "acme_prod",
            "use_explicit_dry_run_spec": false
          },
          "sensitive_attributes": []
        }
      ]
    },
    {
      "mode": "managed",
      "type": "google_project_iam_binding",
      "name": "viewer",
      "provider": "provider[\"registry.terraform.io/hashicorp/google\"]",
      "instances": [
        {
          "schema_version": 0,
          "attributes": {
            "condition": [],
            "etag": "BwYcQ0hSbW8=",
            "id": "acme-prod/roles/bigquery.dataViewer",
            "members": ["group:data-eng@acme.example"],
            "project": "acme-prod",
            "role": "roles/bigquery.dataViewer"
          },
          "sensitive_attributes": []
        }
      ]
    },
    {
      "mode": "managed",
      "type": "google_project_iam_member",
      "name": "dr_viewer",
      "provider": "provider[\"registry.terraform.io/hashicorp/google\"]",
      "instances": [
        {
          "schema_version": 0,
          "attributes": {
            "condition": [],
            "etag": "BwYcQ0hSbW8=",
            "id": "acme-dr/roles/viewer/user:carol@acme.example",
            "member": "user:carol@acme.example",
            "project": "acme-dr",
            "role": "roles/viewer"
          },
          "sensitive_attributes": []
        }
      ]
    }
  ]
}
